
Microsoft Visual Studio Solution File, Format Version 12.00
# Visual Studio Version 17
VisualStudioVersion = 17.4.33122.133
MinimumVisualStudioVersion = 10.0.40219.1
Project("{9A19103F-16F7-4668-BE54-9A1E7A4F7556}") = "migo-be", "migo-be\migo-be.csproj", "{CA6CBCE7-2FDA-40BB-8518-BDC314B7AF26}"
EndProject
Global
	GlobalSection(SolutionConfigurationPlatforms) = preSolution
		Debug|Any CPU = Debug|Any CPU
		Release|Any CPU = Release|Any CPU
	EndGlobalSection
	GlobalSection(ProjectConfigurationPlatforms) = postSolution
		{CA6CBCE7-2FDA-40BB-8518-BDC314B7AF26}.Debug|Any CPU.ActiveCfg = Debug|Any CPU
		{CA6CBCE7-2FDA-40BB-8518-BDC314B7AF26}.Debug|Any CPU.Build.0 = Debug|Any CPU
		{CA6CBCE7-2FDA-40BB-8518-BDC314B7AF26}.Release|Any CPU.ActiveCfg = Release|Any CPU
		{CA6CBCE7-2FDA-40BB-8518-BDC314B7AF26}.Release|Any CPU.Build.0 = Release|Any CPU
	EndGlobalSection
	GlobalSection(SolutionProperties) = preSolution
		HideSolutionNode = FALSE
	EndGlobalSection
	GlobalSection(ExtensibilityGlobals) = postSolution
		SolutionGuid = {856D786E-14D0-42BC-B394-4616FD7A230B}
	EndGlobalSection
EndGlobal
